
Microsoft Visual Studio Solution File, Format Version 12.00
# Visual Studio Version 17
VisualStudioVersion = 17.5.33414.496
MinimumVisualStudioVersion = 10.0.40219.1
Project("{FAE04EC0-301F-11D3-BF4B-00C04F79EFBC}") = "DataStructureProblem", "DataStructureProblem.csproj", "{6400E60B-9398-4153-B04F-3FA090DDA95B}"
EndProject
Global
	GlobalSection(SolutionConfigurationPlatforms) = preSolution
		Debug|Any CPU = Debug|Any CPU
		Release|Any CPU = Release|Any CPU
	EndGlobalSection
	GlobalSection(ProjectConfigurationPlatforms) = postSolution
		{6400E60B-9398-4153-B04F-3FA090DDA95B}.Debug|Any CPU.ActiveCfg = Debug|Any CPU
		{6400E60B-9398-4153-B04F-3FA090DDA95B}.Debug|Any CPU.Build.0 = Debug|Any CPU
		{6400E60B-9398-4153-B04F-3FA090DDA95B}.Release|Any CPU.ActiveCfg = Release|Any CPU
		{6400E60B-9398-4153-B04F-3FA090DDA95B}.Release|Any CPU.Build.0 = Release|Any CPU
	EndGlobalSection
	GlobalSection(SolutionProperties) = preSolution
		HideSolutionNode = FALSE
	EndGlobalSection
	GlobalSection(ExtensibilityGlobals) = postSolution
		SolutionGuid = {31EBFDD3-85BF-41B9-A3FF-3E58CA8B6E65}
	EndGlobalSection
EndGlobal
